// !$*UTF8*$!
{
	archiveVersion = 1;
	classes = {
	};
	objectVersion = 56;
	objects = {

/* Begin PBXBuildFile section */
		E9D516922B4F1B44002B955E /* MemoryApp.swift in Sources */ = {isa = PBXBuildFile; fileRef = E9D516912B4F1B44002B955E /* MemoryApp.swift */; };
		E9D516942B4F1B44002B955E /* ContentView.swift in Sources */ = {isa = PBXBuildFile; fileRef = E9D516932B4F1B44002B955E /* ContentView.swift */; };
		E9D516962B4F1B46002B955E /* Assets.xcassets in Resources */ = {isa = PBXBuildFile; fileRef = E9D516952B4F1B46002B955E /* Assets.xcassets */; };
		E9D516992B4F1B46002B955E /* Preview Assets.xcassets in Resources */ = {isa = PBXBuildFile; fileRef = E9D516982B4F1B46002B955E /* Preview Assets.xcassets */; };
		E9D516A32B4F1B46002B955E /* MemoryTests.swift in Sources */ = {isa = PBXBuildFile; fileRef = E9D516A22B4F1B46002B955E /* MemoryTests.swift */; };
		E9D516AD2B4F1B46002B955E /* MemoryUITests.swift in Sources */ = {isa = PBXBuildFile; fileRef = E9D516AC2B4F1B46002B955E /* MemoryUITests.swift */; };
		E9D516AF2B4F1B46002B955E /* MemoryUITestsLaunchTests.swift in Sources */ = {isa = PBXBuildFile; fileRef = E9D516AE2B4F1B46002B955E /* MemoryUITestsLaunchTests.swift */; };
/* End PBXBuildFile section */

/* Begin PBXContainerItemProxy section */
		E9D5169F2B4F1B46002B955E /* PBXContainerItemProxy */ = {
			isa = PBXContainerItemProxy;
			containerPortal = E9D516862B4F1B43002B955E /* Project object */;
			proxyType = 1;
			remoteGlobalIDString = E9D5168D2B4F1B43002B955E;
			remoteInfo = Memory;
		};
		E9D516A92B4F1B46002B955E /* PBXContainerItemProxy */ = {
			isa = PBXContainerItemProxy;
			containerPortal = E9D516862B4F1B43002B955E /* Project object */;
			proxyType = 1;
			remoteGlobalIDString = E9D5168D2B4F1B43002B955E;
			remoteInfo = Memory;
		};
/* End PBXContainerItemProxy section */

/* Begin PBXFileReference section */
		E9D5168E2B4F1B44002B955E /* Memory.app */ = {isa = PBXFileReference; explicitFileType = wrapper.application; includeInIndex = 0; path = Memory.app; sourceTree = BUILT_PRODUCTS_DIR; };
		E9D516912B4F1B44002B955E /* MemoryApp.swift */ = {isa = PBXFileReference; lastKnownFileType = sourcecode.swift; path = MemoryApp.swift; sourceTree = "<group>"; };
		E9D516932B4F1B44002B955E /* ContentView.swift */ = {isa = PBXFileReference; lastKnownFileType = sourcecode.swift; path = ContentView.swift; sourceTree = "<group>"; };
		E9D516952B4F1B46002B955E /* Assets.xcassets */ = {isa = PBXFileReference; lastKnownFileType = folder.assetcatalog; path = Assets.xcassets; sourceTree = "<group>"; };
		E9D516982B4F1B46002B955E /* Preview Assets.xcassets */ = {isa = PBXFileReference; lastKnownFileType = folder.assetcatalog; path = "Preview Assets.xcassets"; sourceTree = "<group>"; };
		E9D5169E2B4F1B46002B955E /* MemoryTests.xctest */ = {isa = PBXFileReference; explicitFileType = wrapper.cfbundle; includeInIndex = 0; path = MemoryTests.xctest; sourceTree = BUILT_PRODUCTS_DIR; };
		E9D516A22B4F1B46002B955E /* MemoryTests.swift */ = {isa = PBXFileReference; lastKnownFileType = sourcecode.swift; path = MemoryTests.swift; sourceTree = "<group>"; };
		E9D516A82B4F1B46002B955E /* MemoryUITests.xctest */ = {isa = PBXFileReference; explicitFileType = wrapper.cfbundle; includeInIndex = 0; path = MemoryUITests.xctest; sourceTree = BUILT_PRODUCTS_DIR; };
		E9D516AC2B4F1B46002B955E /* MemoryUITests.swift */ = {isa = PBXFileReference; lastKnownFileType = sourcecode.swift; path = MemoryUITests.swift; sourceTree = "<group>"; };
		E9D516AE2B4F1B46002B955E /* MemoryUITestsLaunchTests.swift */ = {isa = PBXFileReference; lastKnownFileType = sourcecode.swift; path = MemoryUITestsLaunchTests.swift; sourceTree = "<group>"; };
/* End PBXFileReference section */

/* Begin PBXFrameworksBuildPhase section */
		E9D5168B2B4F1B43002B955E /* Frameworks */ = {
			isa = PBXFrameworksBuildPhase;
			buildActionMask = 2147483647;
			files = (
			);
			runOnlyForDeploymentPostprocessing = 0;
		};
		E9D5169B2B4F1B46002B955E /* Frameworks */ = {
			isa = PBXFrameworksBuildPhase;
			buildActionMask = 2147483647;
			files = (
			);
			runOnlyForDeploymentPostprocessing = 0;
		};
		E9D516A52B4F1B46002B955E /* Frameworks */ = {
			isa = PBXFrameworksBuildPhase;
			buildActionMask = 2147483647;
			files = (
			);
			runOnlyForDeploymentPostprocessing = 0;
		};
/* End PBXFrameworksBuildPhase section */

/* Begin PBXGroup section */
		E9D516852B4F1B43002B955E = {
			isa = PBXGroup;
			children = (
				E9D516902B4F1B44002B955E /* Memory */,
				E9D516A12B4F1B46002B955E /* MemoryTests */,
				E9D516AB2B4F1B46002B955E /* MemoryUITests */,
				E9D5168F2B4F1B44002B955E /* Products */,
			);
			sourceTree = "<group>";
		};
		E9D5168F2B4F1B44002B955E /* Products */ = {
			isa = PBXGroup;
			children = (
				E9D5168E2B4F1B44002B955E /* Memory.app */,
				E9D5169E2B4F1B46002B955E /* MemoryTests.xctest */,
				E9D516A82B4F1B46002B955E /* MemoryUITests.xctest */,
			);
			name = Products;
			sourceTree = "<group>";
		};
		E9D516902B4F1B44002B955E /* Memory */ = {
			isa = PBXGroup;
			children = (
				E9D516912B4F1B44002B955E /* MemoryApp.swift */,
				E9D516932B4F1B44002B955E /* ContentView.swift */,
				E9D516952B4F1B46002B955E /* Assets.xcassets */,
				E9D516972B4F1B46002B955E /* Preview Content */,
			);
			path = Memory;
			sourceTree = "<group>";
		};
		E9D516972B4F1B46002B955E /* Preview Content */ = {
			isa = PBXGroup;
			children = (
				E9D516982B4F1B46002B955E /* Preview Assets.xcassets */,
			);
			path = "Preview Content";
			sourceTree = "<group>";
		};
		E9D516A12B4F1B46002B955E /* MemoryTests */ = {
			isa = PBXGroup;
			children = (
				E9D516A22B4F1B46002B955E /* MemoryTests.swift */,
			);
			path = MemoryTests;
			sourceTree = "<group>";
		};
		E9D516AB2B4F1B46002B955E /* MemoryUITests */ = {
			isa = PBXGroup;
			children = (
				E9D516AC2B4F1B46002B955E /* MemoryUITests.swift */,
				E9D516AE2B4F1B46002B955E /* MemoryUITestsLaunchTests.swift */,
			);
			path = MemoryUITests;
			sourceTree = "<group>";
		};
/* End PBXGroup section */

/* Begin PBXNativeTarget section */
		E9D5168D2B4F1B43002B955E /* Memory */ = {
			isa = PBXNativeTarget;
			buildConfigurationList = E9D516B22B4F1B46002B955E /* Build configuration list for PBXNativeTarget "Memory" */;
			buildPhases = (
				E9D5168A2B4F1B43002B955E /* Sources */,
				E9D5168B2B4F1B43002B955E /* Frameworks */,
				E9D5168C2B4F1B43002B955E /* Resources */,
			);
			buildRules = (
			);
			dependencies = (
			);
			name = Memory;
			productName = Memory;
			productReference = E9D5168E2B4F1B44002B955E /* Memory.app */;
			productType = "com.apple.product-type.application";
		};
		E9D5169D2B4F1B46002B955E /* MemoryTests */ = {
			isa = PBXNativeTarget;
			buildConfigurationList = E9D516B52B4F1B46002B955E /* Build configuration list for PBXNativeTarget "MemoryTests" */;
			buildPhases = (
				E9D5169A2B4F1B46002B955E /* Sources */,
				E9D5169B2B4F1B46002B955E /* Frameworks */,
				E9D5169C2B4F1B46002B955E /* Resources */,
			);
			buildRules = (
			);
			dependencies = (
				E9D516A02B4F1B46002B955E /* PBXTargetDependency */,
			);
			name = MemoryTests;
			productName = MemoryTests;
			productReference = E9D5169E2B4F1B46002B955E /* MemoryTests.xctest */;
			productType = "com.apple.product-type.bundle.unit-test";
		};
		E9D516A72B4F1B46002B955E /* MemoryUITests */ = {
			isa = PBXNativeTarget;
			buildConfigurationList = E9D516B82B4F1B46002B955E /* Build configuration list for PBXNativeTarget "MemoryUITests" */;
			buildPhases = (
				E9D516A42B4F1B46002B955E /* Sources */,
				E9D516A52B4F1B46002B955E /* Frameworks */,
				E9D516A62B4F1B46002B955E /* Resources */,
			);
			buildRules = (
			);
			dependencies = (
				E9D516AA2B4F1B46002B955E /* PBXTargetDependency */,
			);
			name = MemoryUITests;
			productName = MemoryUITests;
			productReference = E9D516A82B4F1B46002B955E /* MemoryUITests.xctest */;
			productType = "com.apple.product-type.bundle.ui-testing";
		};
/* End PBXNativeTarget section */

/* Begin PBXProject section */
		E9D516862B4F1B43002B955E /* Project object */ = {
			isa = PBXProject;
			attributes = {
				BuildIndependentTargetsInParallel = 1;
				LastSwiftUpdateCheck = 1520;
				LastUpgradeCheck = 1520;
				TargetAttributes = {
					E9D5168D2B4F1B43002B955E = {
						CreatedOnToolsVersion = 15.2;
					};
					E9D5169D2B4F1B46002B955E = {
						CreatedOnToolsVersion = 15.2;
						TestTargetID = E9D5168D2B4F1B43002B955E;
					};
					E9D516A72B4F1B46002B955E = {
						CreatedOnToolsVersion = 15.2;
						TestTargetID = E9D5168D2B4F1B43002B955E;
					};
				};
			};
			buildConfigurationList = E9D516892B4F1B43002B955E /* Build configuration list for PBXProject "Memory" */;
			compatibilityVersion = "Xcode 14.0";
			developmentRegion = en;
			hasScannedForEncodings = 0;
			knownRegions = (
				en,
				Base,
			);
			mainGroup = E9D516852B4F1B43002B955E;
			productRefGroup = E9D5168F2B4F1B44002B955E /* Products */;
			projectDirPath = "";
			projectRoot = "";
			targets = (
				E9D5168D2B4F1B43002B955E /* Memory */,
				E9D5169D2B4F1B46002B955E /* MemoryTests */,
				E9D516A72B4F1B46002B955E /* MemoryUITests */,
			);
		};
/* End PBXProject section */

/* Begin PBXResourcesBuildPhase section */
		E9D5168C2B4F1B43002B955E /* Resources */ = {
			isa = PBXResourcesBuildPhase;
			buildActionMask = 2147483647;
			files = (
				E9D516992B4F1B46002B955E /* Preview Assets.xcassets in Resources */,
				E9D516962B4F1B46002B955E /* Assets.xcassets in Resources */,
			);
			runOnlyForDeploymentPostprocessing = 0;
		};
		E9D5169C2B4F1B46002B955E /* Resources */ = {
			isa = PBXResourcesBuildPhase;
			buildActionMask = 2147483647;
			files = (
			);
			runOnlyForDeploymentPostprocessing = 0;
		};
		E9D516A62B4F1B46002B955E /* Resources */ = {
			isa = PBXResourcesBuildPhase;
			buildActionMask = 2147483647;
			files = (
			);
			runOnlyForDeploymentPostprocessing = 0;
		};
/* End PBXResourcesBuildPhase section */

/* Begin PBXSourcesBuildPhase section */
		E9D5168A2B4F1B43002B955E /* Sources */ = {
			isa = PBXSourcesBuildPhase;
			buildActionMask = 2147483647;
			files = (
				E9D516942B4F1B44002B955E /* ContentView.swift in Sources */,
				E9D516922B4F1B44002B955E /* MemoryApp.swift in Sources */,
			);
			runOnlyForDeploymentPostprocessing = 0;
		};
		E9D5169A2B4F1B46002B955E /* Sources */ = {
			isa = PBXSourcesBuildPhase;
			buildActionMask = 2147483647;
			files = (
				E9D516A32B4F1B46002B955E /* MemoryTests.swift in Sources */,
			);
			runOnlyForDeploymentPostprocessing = 0;
		};
		E9D516A42B4F1B46002B955E /* Sources */ = {
			isa = PBXSourcesBuildPhase;
			buildActionMask = 2147483647;
			files = (
				E9D516AD2B4F1B46002B955E /* MemoryUITests.swift in Sources */,
				E9D516AF2B4F1B46002B955E /* MemoryUITestsLaunchTests.swift in Sources */,
			);
			runOnlyForDeploymentPostprocessing = 0;
		};
/* End PBXSourcesBuildPhase section */

/* Begin PBXTargetDependency section */
		E9D516A02B4F1B46002B955E /* PBXTargetDependency */ = {
			isa = PBXTargetDependency;
			target = E9D5168D2B4F1B43002B955E /* Memory */;
			targetProxy = E9D5169F2B4F1B46002B955E /* PBXContainerItemProxy */;
		};
		E9D516AA2B4F1B46002B955E /* PBXTargetDependency */ = {
			isa = PBXTargetDependency;
			target = E9D5168D2B4F1B43002B955E /* Memory */;
			targetProxy = E9D516A92B4F1B46002B955E /* PBXContainerItemProxy */;
		};
/* End PBXTargetDependency section */

/* Begin XCBuildConfiguration section */
		E9D516B02B4F1B46002B955E /* Debug */ = {
			isa = XCBuildConfiguration;
			buildSettings = {
				ALWAYS_SEARCH_USER_PATHS = NO;
				ASSETCATALOG_COMPILER_GENERATE_SWIFT_ASSET_SYMBOL_EXTENSIONS = YES;
				CLANG_ANALYZER_NONNULL = YES;
				CLANG_ANALYZER_NUMBER_OBJECT_CONVERSION = YES_AGGRESSIVE;
				CLANG_CXX_LANGUAGE_STANDARD = "gnu++20";
				CLANG_ENABLE_MODULES = YES;
				CLANG_ENABLE_OBJC_ARC = YES;
				CLANG_ENABLE_OBJC_WEAK = YES;
				CLANG_WARN_BLOCK_CAPTURE_AUTORELEASING = YES;
				CLANG_WARN_BOOL_CONVERSION = YES;
				CLANG_WARN_COMMA = YES;
				CLANG_WARN_CONSTANT_CONVERSION = YES;
				CLANG_WARN_DEPRECATED_OBJC_IMPLEMENTATIONS = YES;
				CLANG_WARN_DIRECT_OBJC_ISA_USAGE = YES_ERROR;
				CLANG_WARN_DOCUMENTATION_COMMENTS = YES;
				CLANG_WARN_EMPTY_BODY = YES;
				CLANG_WARN_ENUM_CONVERSION = YES;
				CLANG_WARN_INFINITE_RECURSION = YES;
				CLANG_WARN_INT_CONVERSION = YES;
				CLANG_WARN_NON_LITERAL_NULL_CONVERSION = YES;
				CLANG_WARN_OBJC_IMPLICIT_RETAIN_SELF = YES;
				CLANG_WARN_OBJC_LITERAL_CONVERSION = YES;
				CLANG_WARN_OBJC_ROOT_CLASS = YES_ERROR;
				CLANG_WARN_QUOTED_INCLUDE_IN_FRAMEWORK_HEADER = YES;
				CLANG_WARN_RANGE_LOOP_ANALYSIS = YES;
				CLANG_WARN_STRICT_PROTOTYPES = YES;
				CLANG_WARN_SUSPICIOUS_MOVE = YES;
				CLANG_WARN_UNGUARDED_AVAILABILITY = YES_AGGRESSIVE;
				CLANG_WARN_UNREACHABLE_CODE = YES;
				CLANG_WARN__DUPLICATE_METHOD_MATCH = YES;
				COPY_PHASE_STRIP = NO;
				DEBUG_INFORMATION_FORMAT = dwarf;
				ENABLE_STRICT_OBJC_MSGSEND = YES;
				ENABLE_TESTABILITY = YES;
				ENABLE_USER_SCRIPT_SANDBOXING = YES;
				GCC_C_LANGUAGE_STANDARD = gnu17;
				GCC_DYNAMIC_NO_PIC = NO;
				GCC_NO_COMMON_BLOCKS = YES;
				GCC_OPTIMIZATION_LEVEL = 0;
				GCC_PREPROCESSOR_DEFINITIONS = (
					"DEBUG=1",
					"$(inherited)",
				);
				GCC_WARN_64_TO_32_BIT_CONVERSION = YES;
				GCC_WARN_ABOUT_RETURN_TYPE = YES_ERROR;
				GCC_WARN_UNDECLARED_SELECTOR = YES;
				GCC_WARN_UNINITIALIZED_AUTOS = YES_AGGRESSIVE;
				GCC_WARN_UNUSED_FUNCTION = YES;
				GCC_WARN_UNUSED_VARIABLE = YES;
				IPHONEOS_DEPLOYMENT_TARGET = 17.2;
				LOCALIZATION_PREFERS_STRING_CATALOGS = YES;
				MTL_ENABLE_DEBUG_INFO = INCLUDE_SOURCE;
				MTL_FAST_MATH = YES;
				ONLY_ACTIVE_ARCH = YES;
				SDKROOT = iphoneos;
				SWIFT_ACTIVE_COMPILATION_CONDITIONS = "DEBUG $(inherited)";
				SWIFT_OPTIMIZATION_LEVEL = "-Onone";
			};
			name = Debug;
		};
		E9D516B12B4F1B46002B955E /* Release */ = {
			isa = XCBuildConfiguration;
			buildSettings = {
				ALWAYS_SEARCH_USER_PATHS = NO;
				ASSETCATALOG_COMPILER_GENERATE_SWIFT_ASSET_SYMBOL_EXTENSIONS = YES;
				CLANG_ANALYZER_NONNULL = YES;
				CLANG_ANALYZER_NUMBER_OBJECT_CONVERSION = YES_AGGRESSIVE;
				CLANG_CXX_LANGUAGE_STANDARD = "gnu++20";
				CLANG_ENABLE_MODULES = YES;
				CLANG_ENABLE_OBJC_ARC = YES;
				CLANG_ENABLE_OBJC_WEAK = YES;
				CLANG_WARN_BLOCK_CAPTURE_AUTORELEASING = YES;
				CLANG_WARN_BOOL_CONVERSION = YES;
				CLANG_WARN_COMMA = YES;
				CLANG_WARN_CONSTANT_CONVERSION = YES;
				CLANG_WARN_DEPRECATED_OBJC_IMPLEMENTATIONS = YES;
				CLANG_WARN_DIRECT_OBJC_ISA_USAGE = YES_ERROR;
				CLANG_WARN_DOCUMENTATION_COMMENTS = YES;
				CLANG_WARN_EMPTY_BODY = YES;
				CLANG_WARN_ENUM_CONVERSION = YES;
				CLANG_WARN_INFINITE_RECURSION = YES;
				CLANG_WARN_INT_CONVERSION = YES;
				CLANG_WARN_NON_LITERAL_NULL_CONVERSION = YES;
				CLANG_WARN_OBJC_IMPLICIT_RETAIN_SELF = YES;
				CLANG_WARN_OBJC_LITERAL_CONVERSION = YES;
				CLANG_WARN_OBJC_ROOT_CLASS = YES_ERROR;
				CLANG_WARN_QUOTED_INCLUDE_IN_FRAMEWORK_HEADER = YES;
				CLANG_WARN_RANGE_LOOP_ANALYSIS = YES;
				CLANG_WARN_STRICT_PROTOTYPES = YES;
				CLANG_WARN_SUSPICIOUS_MOVE = YES;
				CLANG_WARN_UNGUARDED_AVAILABILITY = YES_AGGRESSIVE;
				CLANG_WARN_UNREACHABLE_CODE = YES;
				CLANG_WARN__DUPLICATE_METHOD_MATCH = YES;
				COPY_PHASE_STRIP = NO;
				DEBUG_INFORMATION_FORMAT = "dwarf-with-dsym";
				ENABLE_NS_ASSERTIONS = NO;
				ENABLE_STRICT_OBJC_MSGSEND = YES;
				ENABLE_USER_SCRIPT_SANDBOXING = YES;
				GCC_C_LANGUAGE_STANDARD = gnu17;
				GCC_NO_COMMON_BLOCKS = YES;
				GCC_WARN_64_TO_32_BIT_CONVERSION = YES;
				GCC_WARN_ABOUT_RETURN_TYPE = YES_ERROR;
				GCC_WARN_UNDECLARED_SELECTOR = YES;
				GCC_WARN_UNINITIALIZED_AUTOS = YES_AGGRESSIVE;
				GCC_WARN_UNUSED_FUNCTION = YES;
				GCC_WARN_UNUSED_VARIABLE = YES;
				IPHONEOS_DEPLOYMENT_TARGET = 17.2;
				LOCALIZATION_PREFERS_STRING_CATALOGS = YES;
				MTL_ENABLE_DEBUG_INFO = NO;
				MTL_FAST_MATH = YES;
				SDKROOT = iphoneos;
				SWIFT_COMPILATION_MODE = wholemodule;
				VALIDATE_PRODUCT = YES;
			};
			name = Release;
		};
		E9D516B32B4F1B46002B955E /* Debug */ = {
			isa = XCBuildConfiguration;
			buildSettings = {
				ASSETCATALOG_COMPILER_APPICON_NAME = AppIcon;
				ASSETCATALOG_COMPILER_GLOBAL_ACCENT_COLOR_NAME = AccentColor;
				CODE_SIGN_STYLE = Automatic;
				CURRENT_PROJECT_VERSION = 1;
				DEVELOPMENT_ASSET_PATHS = "\"Memory/Preview Content\"";
				ENABLE_PREVIEWS = YES;
				GENERATE_INFOPLIST_FILE = YES;
				INFOPLIST_KEY_UIApplicationSceneManifest_Generation = YES;
				INFOPLIST_KEY_UIApplicationSupportsIndirectInputEvents = YES;
				INFOPLIST_KEY_UILaunchScreen_Generation = YES;
				INFOPLIST_KEY_UISupportedInterfaceOrientations_iPad = "UIInterfaceOrientationPortrait UIInterfaceOrientationPortraitUpsideDown UIInterfaceOrientationLandscapeLeft UIInterfaceOrientationLandscapeRight";
				INFOPLIST_KEY_UISupportedInterfaceOrientations_iPhone = "UIInterfaceOrientationPortrait UIInterfaceOrientationLandscapeLeft UIInterfaceOrientationLandscapeRight";
				LD_RUNPATH_SEARCH_PATHS = (
					"$(inherited)",
					"@executable_path/Frameworks",
				);
				MARKETING_VERSION = 1.0;
				PRODUCT_BUNDLE_IDENTIFIER = seneca.Lab01.Memory;
				PRODUCT_NAME = "$(TARGET_NAME)";
				SWIFT_EMIT_LOC_STRINGS = YES;
				SWIFT_VERSION = 5.0;
				TARGETED_DEVICE_FAMILY = "1,2";
			};
			name = Debug;
		};
		E9D516B42B4F1B46002B955E /* Release */ = {
			isa = XCBuildConfiguration;
			buildSettings = {
				ASSETCATALOG_COMPILER_APPICON_NAME = AppIcon;
				ASSETCATALOG_COMPILER_GLOBAL_ACCENT_COLOR_NAME = AccentColor;
				CODE_SIGN_STYLE = Automatic;
				CURRENT_PROJECT_VERSION = 1;
				DEVELOPMENT_ASSET_PATHS = "\"Memory/Preview Content\"";
				ENABLE_PREVIEWS = YES;
				GENERATE_INFOPLIST_FILE = YES;
				INFOPLIST_KEY_UIApplicationSceneManifest_Generation = YES;
				INFOPLIST_KEY_UIApplicationSupportsIndirectInputEvents = YES;
				INFOPLIST_KEY_UILaunchScreen_Generation = YES;
				INFOPLIST_KEY_UISupportedInterfaceOrientations_iPad = "UIInterfaceOrientationPortrait UIInterfaceOrientationPortraitUpsideDown UIInterfaceOrientationLandscapeLeft UIInterfaceOrientationLandscapeRight";
				INFOPLIST_KEY_UISupportedInterfaceOrientations_iPhone = "UIInterfaceOrientationPortrait UIInterfaceOrientationLandscapeLeft UIInterfaceOrientationLandscapeRight";
				LD_RUNPATH_SEARCH_PATHS = (
					"$(inherited)",
					"@executable_path/Frameworks",
				);
				MARKETING_VERSION = 1.0;
				PRODUCT_BUNDLE_IDENTIFIER = seneca.Lab01.Memory;
				PRODUCT_NAME = "$(TARGET_NAME)";
				SWIFT_EMIT_LOC_STRINGS = YES;
				SWIFT_VERSION = 5.0;
				TARGETED_DEVICE_FAMILY = "1,2";
			};
			name = Release;
		};
		E9D516B62B4F1B46002B955E /* Debug */ = {
			isa = XCBuildConfiguration;
			buildSettings = {
				ALWAYS_EMBED_SWIFT_STANDARD_LIBRARIES = YES;
				BUNDLE_LOADER = "$(TEST_HOST)";
				CODE_SIGN_STYLE = Automatic;
				CURRENT_PROJECT_VERSION = 1;
				GENERATE_INFOPLIST_FILE = YES;
				IPHONEOS_DEPLOYMENT_TARGET = 17.2;
				MARKETING_VERSION = 1.0;
				PRODUCT_BUNDLE_IDENTIFIER = seneca.Lab01.MemoryTests;
				PRODUCT_NAME = "$(TARGET_NAME)";
				SWIFT_EMIT_LOC_STRINGS = NO;
				SWIFT_VERSION = 5.0;
				TARGETED_DEVICE_FAMILY = "1,2";
				TEST_HOST = "$(BUILT_PRODUCTS_DIR)/Memory.app/$(BUNDLE_EXECUTABLE_FOLDER_PATH)/Memory";
			};
			name = Debug;
		};
		E9D516B72B4F1B46002B955E /* Release */ = {
			isa = XCBuildConfiguration;
			buildSettings = {
				ALWAYS_EMBED_SWIFT_STANDARD_LIBRARIES = YES;
				BUNDLE_LOADER = "$(TEST_HOST)";
				CODE_SIGN_STYLE = Automatic;
				CURRENT_PROJECT_VERSION = 1;
				GENERATE_INFOPLIST_FILE = YES;
				IPHONEOS_DEPLOYMENT_TARGET = 17.2;
				MARKETING_VERSION = 1.0;
				PRODUCT_BUNDLE_IDENTIFIER = seneca.Lab01.MemoryTests;
				PRODUCT_NAME = "$(TARGET_NAME)";
				SWIFT_EMIT_LOC_STRINGS = NO;
				SWIFT_VERSION = 5.0;
				TARGETED_DEVICE_FAMILY = "1,2";
				TEST_HOST = "$(BUILT_PRODUCTS_DIR)/Memory.app/$(BUNDLE_EXECUTABLE_FOLDER_PATH)/Memory";
			};
			name = Release;
		};
		E9D516B92B4F1B46002B955E /* Debug */ = {
			isa = XCBuildConfiguration;
			buildSettings = {
				ALWAYS_EMBED_SWIFT_STANDARD_LIBRARIES = YES;
				CODE_SIGN_STYLE = Automatic;
				CURRENT_PROJECT_VERSION = 1;
				GENERATE_INFOPLIST_FILE = YES;
				MARKETING_VERSION = 1.0;
				PRODUCT_BUNDLE_IDENTIFIER = seneca.Lab01.MemoryUITests;
				PRODUCT_NAME = "$(TARGET_NAME)";
				SWIFT_EMIT_LOC_STRINGS = NO;
				SWIFT_VERSION = 5.0;
				TARGETED_DEVICE_FAMILY = "1,2";
				TEST_TARGET_NAME = Memory;
			};
			name = Debug;
		};
		E9D516BA2B4F1B46002B955E /* Release */ = {
			isa = XCBuildConfiguration;
			buildSettings = {
				ALWAYS_EMBED_SWIFT_STANDARD_LIBRARIES = YES;
				CODE_SIGN_STYLE = Automatic;
				CURRENT_PROJECT_VERSION = 1;
				GENERATE_INFOPLIST_FILE = YES;
				MARKETING_VERSION = 1.0;
				PRODUCT_BUNDLE_IDENTIFIER = seneca.Lab01.MemoryUITests;
				PRODUCT_NAME = "$(TARGET_NAME)";
				SWIFT_EMIT_LOC_STRINGS = NO;
				SWIFT_VERSION = 5.0;
				TARGETED_DEVICE_FAMILY = "1,2";
				TEST_TARGET_NAME = Memory;
			};
			name = Release;
		};
/* End XCBuildConfiguration section */

/* Begin XCConfigurationList section */
		E9D516892B4F1B43002B955E /* Build configuration list for PBXProject "Memory" */ = {
			isa = XCConfigurationList;
			buildConfigurations = (
				E9D516B02B4F1B46002B955E /* Debug */,
				E9D516B12B4F1B46002B955E /* Release */,
			);
			defaultConfigurationIsVisible = 0;
			defaultConfigurationName = Release;
		};
		E9D516B22B4F1B46002B955E /* Build configuration list for PBXNativeTarget "Memory" */ = {
			isa = XCConfigurationList;
			buildConfigurations = (
				E9D516B32B4F1B46002B955E /* Debug */,
				E9D516B42B4F1B46002B955E /* Release */,
			);
			defaultConfigurationIsVisible = 0;
			defaultConfigurationName = Release;
		};
		E9D516B52B4F1B46002B955E /* Build configuration list for PBXNativeTarget "MemoryTests" */ = {
			isa = XCConfigurationList;
			buildConfigurations = (
				E9D516B62B4F1B46002B955E /* Debug */,
				E9D516B72B4F1B46002B955E /* Release */,
			);
			defaultConfigurationIsVisible = 0;
			defaultConfigurationName = Release;
		};
		E9D516B82B4F1B46002B955E /* Build configuration list for PBXNativeTarget "MemoryUITests" */ = {
			isa = XCConfigurationList;
			buildConfigurations = (
				E9D516B92B4F1B46002B955E /* Debug */,
				E9D516BA2B4F1B46002B955E /* Release */,
			);
			defaultConfigurationIsVisible = 0;
			defaultConfigurationName = Release;
		};
/* End XCConfigurationList section */
	};
	rootObject = E9D516862B4F1B43002B955E /* Project object */;
}
